// !$*UTF8*$!
{
	archiveVersion = 1;
	classes = {
	};
	objectVersion = 56;
	objects = {

/* Begin PBXBuildFile section */
		CEE627AC2A0F838900C21080 /* CameraViewFinalApp.swift in Sources */ = {isa = PBXBuildFile; fileRef = CEE627AB2A0F838900C21080 /* CameraViewFinalApp.swift */; };
		CEE627AE2A0F838900C21080 /* ContentView.swift in Sources */ = {isa = PBXBuildFile; fileRef = CEE627AD2A0F838900C21080 /* ContentView.swift */; };
		CEE627B02A0F838A00C21080 /* Assets.xcassets in Resources */ = {isa = PBXBuildFile; fileRef = CEE627AF2A0F838A00C21080 /* Assets.xcassets */; };
		CEE627B32A0F838A00C21080 /* Preview Assets.xcassets in Resources */ = {isa = PBXBuildFile; fileRef = CEE627B22A0F838A00C21080 /* Preview Assets.xcassets */; };
		CEE627BA2A0F83EA00C21080 /* ARViewContainer.swift in Sources */ = {isa = PBXBuildFile; fileRef = CEE627B92A0F83EA00C21080 /* ARViewContainer.swift */; };
		CEE627BC2A0F84E400C21080 /* Experience.rcproject in Sources */ = {isa = PBXBuildFile; fileRef = CEE627BB2A0F84E400C21080 /* Experience.rcproject */; };
		CEE627BE2A0F86AA00C21080 /* TempSnapShotView.swift in Sources */ = {isa = PBXBuildFile; fileRef = CEE627BD2A0F86AA00C21080 /* TempSnapShotView.swift */; };
		CEE627C02A0F8A1F00C21080 /* PhotoLibraryView.swift in Sources */ = {isa = PBXBuildFile; fileRef = CEE627BF2A0F8A1F00C21080 /* PhotoLibraryView.swift */; };
		CEE627C22A0F8B3700C21080 /* ImageManager.swift in Sources */ = {isa = PBXBuildFile; fileRef = CEE627C12A0F8B3700C21080 /* ImageManager.swift */; };
/* End PBXBuildFile section */

/* Begin PBXFileReference section */
		CEE627A82A0F838900C21080 /* CameraViewFinal.app */ = {isa = PBXFileReference; explicitFileType = wrapper.application; includeInIndex = 0; path = CameraViewFinal.app; sourceTree = BUILT_PRODUCTS_DIR; };
		CEE627AB2A0F838900C21080 /* CameraViewFinalApp.swift */ = {isa = PBXFileReference; lastKnownFileType = sourcecode.swift; path = CameraViewFinalApp.swift; sourceTree = "<group>"; };
		CEE627AD2A0F838900C21080 /* ContentView.swift */ = {isa = PBXFileReference; lastKnownFileType = sourcecode.swift; path = ContentView.swift; sourceTree = "<group>"; };
		CEE627AF2A0F838A00C21080 /* Assets.xcassets */ = {isa = PBXFileReference; lastKnownFileType = folder.assetcatalog; path = Assets.xcassets; sourceTree = "<group>"; };
		CEE627B22A0F838A00C21080 /* Preview Assets.xcassets */ = {isa = PBXFileReference; lastKnownFileType = folder.assetcatalog; path = "Preview Assets.xcassets"; sourceTree = "<group>"; };
		CEE627B92A0F83EA00C21080 /* ARViewContainer.swift */ = {isa = PBXFileReference; fileEncoding = 4; lastKnownFileType = sourcecode.swift; path = ARViewContainer.swift; sourceTree = "<group>"; };
		CEE627BB2A0F84E400C21080 /* Experience.rcproject */ = {isa = PBXFileReference; lastKnownFileType = file.rcproject; path = Experience.rcproject; sourceTree = "<group>"; };
		CEE627BD2A0F86AA00C21080 /* TempSnapShotView.swift */ = {isa = PBXFileReference; lastKnownFileType = sourcecode.swift; path = TempSnapShotView.swift; sourceTree = "<group>"; };
		CEE627BF2A0F8A1F00C21080 /* PhotoLibraryView.swift */ = {isa = PBXFileReference; lastKnownFileType = sourcecode.swift; path = PhotoLibraryView.swift; sourceTree = "<group>"; };
		CEE627C12A0F8B3700C21080 /* ImageManager.swift */ = {isa = PBXFileReference; lastKnownFileType = sourcecode.swift; path = ImageManager.swift; sourceTree = "<group>"; };
/* End PBXFileReference section */

/* Begin PBXFrameworksBuildPhase section */
		CEE627A52A0F838900C21080 /* Frameworks */ = {
			isa = PBXFrameworksBuildPhase;
			buildActionMask = 2147483647;
			files = (
			);
			runOnlyForDeploymentPostprocessing = 0;
		};
/* End PBXFrameworksBuildPhase section */

/* Begin PBXGroup section */
		CEE6279F2A0F838900C21080 = {
			isa = PBXGroup;
			children = (
				CEE627AA2A0F838900C21080 /* CameraViewFinal */,
				CEE627A92A0F838900C21080 /* Products */,
			);
			sourceTree = "<group>";
		};
		CEE627A92A0F838900C21080 /* Products */ = {
			isa = PBXGroup;
			children = (
				CEE627A82A0F838900C21080 /* CameraViewFinal.app */,
			);
			name = Products;
			sourceTree = "<group>";
		};
		CEE627AA2A0F838900C21080 /* CameraViewFinal */ = {
			isa = PBXGroup;
			children = (
				CEE627AB2A0F838900C21080 /* CameraViewFinalApp.swift */,
				CEE627AD2A0F838900C21080 /* ContentView.swift */,
				CEE627BF2A0F8A1F00C21080 /* PhotoLibraryView.swift */,
				CEE627C12A0F8B3700C21080 /* ImageManager.swift */,
				CEE627BD2A0F86AA00C21080 /* TempSnapShotView.swift */,
				CEE627B92A0F83EA00C21080 /* ARViewContainer.swift */,
				CEE627BB2A0F84E400C21080 /* Experience.rcproject */,
				CEE627AF2A0F838A00C21080 /* Assets.xcassets */,
				CEE627B12A0F838A00C21080 /* Preview Content */,
			);
			path = CameraViewFinal;
			sourceTree = "<group>";
		};
		CEE627B12A0F838A00C21080 /* Preview Content */ = {
			isa = PBXGroup;
			children = (
				CEE627B22A0F838A00C21080 /* Preview Assets.xcassets */,
			);
			path = "Preview Content";
			sourceTree = "<group>";
		};
/* End PBXGroup section */

/* Begin PBXNativeTarget section */
		CEE627A72A0F838900C21080 /* CameraViewFinal */ = {
			isa = PBXNativeTarget;
			buildConfigurationList = CEE627B62A0F838A00C21080 /* Build configuration list for PBXNativeTarget "CameraViewFinal" */;
			buildPhases = (
				CEE627A42A0F838900C21080 /* Sources */,
				CEE627A52A0F838900C21080 /* Frameworks */,
				CEE627A62A0F838900C21080 /* Resources */,
			);
			buildRules = (
			);
			dependencies = (
			);
			name = CameraViewFinal;
			productName = CameraViewFinal;
			productReference = CEE627A82A0F838900C21080 /* CameraViewFinal.app */;
			productType = "com.apple.product-type.application";
		};
/* End PBXNativeTarget section */

/* Begin PBXProject section */
		CEE627A02A0F838900C21080 /* Project object */ = {
			isa = PBXProject;
			attributes = {
				BuildIndependentTargetsInParallel = 1;
				LastSwiftUpdateCheck = 1420;
				LastUpgradeCheck = 1420;
				TargetAttributes = {
					CEE627A72A0F838900C21080 = {
						CreatedOnToolsVersion = 14.2;
					};
				};
			};
			buildConfigurationList = CEE627A32A0F838900C21080 /* Build configuration list for PBXProject "CameraViewFinal" */;
			compatibilityVersion = "Xcode 14.0";
			developmentRegion = en;
			hasScannedForEncodings = 0;
			knownRegions = (
				en,
				Base,
			);
			mainGroup = CEE6279F2A0F838900C21080;
			productRefGroup = CEE627A92A0F838900C21080 /* Products */;
			projectDirPath = "";
			projectRoot = "";
			targets = (
				CEE627A72A0F838900C21080 /* CameraViewFinal */,
			);
		};
/* End PBXProject section */

/* Begin PBXResourcesBuildPhase section */
		CEE627A62A0F838900C21080 /* Resources */ = {
			isa = PBXResourcesBuildPhase;
			buildActionMask = 2147483647;
			files = (
				CEE627B32A0F838A00C21080 /* Preview Assets.xcassets in Resources */,
				CEE627B02A0F838A00C21080 /* Assets.xcassets in Resources */,
			);
			runOnlyForDeploymentPostprocessing = 0;
		};
/* End PBXResourcesBuildPhase section */

/* Begin PBXSourcesBuildPhase section */
		CEE627A42A0F838900C21080 /* Sources */ = {
			isa = PBXSourcesBuildPhase;
			buildActionMask = 2147483647;
			files = (
				CEE627AE2A0F838900C21080 /* ContentView.swift in Sources */,
				CEE627BE2A0F86AA00C21080 /* TempSnapShotView.swift in Sources */,
				CEE627C22A0F8B3700C21080 /* ImageManager.swift in Sources */,
				CEE627AC2A0F838900C21080 /* CameraViewFinalApp.swift in Sources */,
				CEE627C02A0F8A1F00C21080 /* PhotoLibraryView.swift in Sources */,
				CEE627BC2A0F84E400C21080 /* Experience.rcproject in Sources */,
				CEE627BA2A0F83EA00C21080 /* ARViewContainer.swift in Sources */,
			);
			runOnlyForDeploymentPostprocessing = 0;
		};
/* End PBXSourcesBuildPhase section */

/* Begin XCBuildConfiguration section */
		CEE627B42A0F838A00C21080 /* Debug */ = {
			isa = XCBuildConfiguration;
			buildSettings = {
				ALWAYS_SEARCH_USER_PATHS = NO;
				CLANG_ANALYZER_NONNULL = YES;
				CLANG_ANALYZER_NUMBER_OBJECT_CONVERSION = YES_AGGRESSIVE;
				CLANG_CXX_LANGUAGE_STANDARD = "gnu++20";
				CLANG_ENABLE_MODULES = YES;
				CLANG_ENABLE_OBJC_ARC = YES;
				CLANG_ENABLE_OBJC_WEAK = YES;
				CLANG_WARN_BLOCK_CAPTURE_AUTORELEASING = YES;
				CLANG_WARN_BOOL_CONVERSION = YES;
				CLANG_WARN_COMMA = YES;
				CLANG_WARN_CONSTANT_CONVERSION = YES;
				CLANG_WARN_DEPRECATED_OBJC_IMPLEMENTATIONS = YES;
				CLANG_WARN_DIRECT_OBJC_ISA_USAGE = YES_ERROR;
				CLANG_WARN_DOCUMENTATION_COMMENTS = YES;
				CLANG_WARN_EMPTY_BODY = YES;
				CLANG_WARN_ENUM_CONVERSION = YES;
				CLANG_WARN_INFINITE_RECURSION = YES;
				CLANG_WARN_INT_CONVERSION = YES;
				CLANG_WARN_NON_LITERAL_NULL_CONVERSION = YES;
				CLANG_WARN_OBJC_IMPLICIT_RETAIN_SELF = YES;
				CLANG_WARN_OBJC_LITERAL_CONVERSION = YES;
				CLANG_WARN_OBJC_ROOT_CLASS = YES_ERROR;
				CLANG_WARN_QUOTED_INCLUDE_IN_FRAMEWORK_HEADER = YES;
				CLANG_WARN_RANGE_LOOP_ANALYSIS = YES;
				CLANG_WARN_STRICT_PROTOTYPES = YES;
				CLANG_WARN_SUSPICIOUS_MOVE = YES;
				CLANG_WARN_UNGUARDED_AVAILABILITY = YES_AGGRESSIVE;
				CLANG_WARN_UNREACHABLE_CODE = YES;
				CLANG_WARN__DUPLICATE_METHOD_MATCH = YES;
				COPY_PHASE_STRIP = NO;
				DEBUG_INFORMATION_FORMAT = dwarf;
				ENABLE_STRICT_OBJC_MSGSEND = YES;
				ENABLE_TESTABILITY = YES;
				GCC_C_LANGUAGE_STANDARD = gnu11;
				GCC_DYNAMIC_NO_PIC = NO;
				GCC_NO_COMMON_BLOCKS = YES;
				GCC_OPTIMIZATION_LEVEL = 0;
				GCC_PREPROCESSOR_DEFINITIONS = (
					"DEBUG=1",
					"$(inherited)",
				);
				GCC_WARN_64_TO_32_BIT_CONVERSION = YES;
				GCC_WARN_ABOUT_RETURN_TYPE = YES_ERROR;
				GCC_WARN_UNDECLARED_SELECTOR = YES;
				GCC_WARN_UNINITIALIZED_AUTOS = YES_AGGRESSIVE;
				GCC_WARN_UNUSED_FUNCTION = YES;
				GCC_WARN_UNUSED_VARIABLE = YES;
				IPHONEOS_DEPLOYMENT_TARGET = 16.2;
				MTL_ENABLE_DEBUG_INFO = INCLUDE_SOURCE;
				MTL_FAST_MATH = YES;
				ONLY_ACTIVE_ARCH = YES;
				SDKROOT = iphoneos;
				SWIFT_ACTIVE_COMPILATION_CONDITIONS = DEBUG;
				SWIFT_OPTIMIZATION_LEVEL = "-Onone";
			};
			name = Debug;
		};
		CEE627B52A0F838A00C21080 /* Release */ = {
			isa = XCBuildConfiguration;
			buildSettings = {
				ALWAYS_SEARCH_USER_PATHS = NO;
				CLANG_ANALYZER_NONNULL = YES;
				CLANG_ANALYZER_NUMBER_OBJECT_CONVERSION = YES_AGGRESSIVE;
				CLANG_CXX_LANGUAGE_STANDARD = "gnu++20";
				CLANG_ENABLE_MODULES = YES;
				CLANG_ENABLE_OBJC_ARC = YES;
				CLANG_ENABLE_OBJC_WEAK = YES;
				CLANG_WARN_BLOCK_CAPTURE_AUTORELEASING = YES;
				CLANG_WARN_BOOL_CONVERSION = YES;
				CLANG_WARN_COMMA = YES;
				CLANG_WARN_CONSTANT_CONVERSION = YES;
				CLANG_WARN_DEPRECATED_OBJC_IMPLEMENTATIONS = YES;
				CLANG_WARN_DIRECT_OBJC_ISA_USAGE = YES_ERROR;
				CLANG_WARN_DOCUMENTATION_COMMENTS = YES;
				CLANG_WARN_EMPTY_BODY = YES;
				CLANG_WARN_ENUM_CONVERSION = YES;
				CLANG_WARN_INFINITE_RECURSION = YES;
				CLANG_WARN_INT_CONVERSION = YES;
				CLANG_WARN_NON_LITERAL_NULL_CONVERSION = YES;
				CLANG_WARN_OBJC_IMPLICIT_RETAIN_SELF = YES;
				CLANG_WARN_OBJC_LITERAL_CONVERSION = YES;
				CLANG_WARN_OBJC_ROOT_CLASS = YES_ERROR;
				CLANG_WARN_QUOTED_INCLUDE_IN_FRAMEWORK_HEADER = YES;
				CLANG_WARN_RANGE_LOOP_ANALYSIS = YES;
				CLANG_WARN_STRICT_PROTOTYPES = YES;
				CLANG_WARN_SUSPICIOUS_MOVE = YES;
				CLANG_WARN_UNGUARDED_AVAILABILITY = YES_AGGRESSIVE;
				CLANG_WARN_UNREACHABLE_CODE = YES;
				CLANG_WARN__DUPLICATE_METHOD_MATCH = YES;
				COPY_PHASE_STRIP = NO;
				DEBUG_INFORMATION_FORMAT = "dwarf-with-dsym";
				ENABLE_NS_ASSERTIONS = NO;
				ENABLE_STRICT_OBJC_MSGSEND = YES;
				GCC_C_LANGUAGE_STANDARD = gnu11;
				GCC_NO_COMMON_BLOCKS = YES;
				GCC_WARN_64_TO_32_BIT_CONVERSION = YES;
				GCC_WARN_ABOUT_RETURN_TYPE = YES_ERROR;
				GCC_WARN_UNDECLARED_SELECTOR = YES;
				GCC_WARN_UNINITIALIZED_AUTOS = YES_AGGRESSIVE;
				GCC_WARN_UNUSED_FUNCTION = YES;
				GCC_WARN_UNUSED_VARIABLE = YES;
				IPHONEOS_DEPLOYMENT_TARGET = 16.2;
				MTL_ENABLE_DEBUG_INFO = NO;
				MTL_FAST_MATH = YES;
				SDKROOT = iphoneos;
				SWIFT_COMPILATION_MODE = wholemodule;
				SWIFT_OPTIMIZATION_LEVEL = "-O";
				VALIDATE_PRODUCT = YES;
			};
			name = Release;
		};
		CEE627B72A0F838A00C21080 /* Debug */ = {
			isa = XCBuildConfiguration;
			buildSettings = {
				ASSETCATALOG_COMPILER_APPICON_NAME = AppIcon;
				ASSETCATALOG_COMPILER_GLOBAL_ACCENT_COLOR_NAME = AccentColor;
				CODE_SIGN_STYLE = Automatic;
				CURRENT_PROJECT_VERSION = 1;
				DEVELOPMENT_ASSET_PATHS = "\"CameraViewFinal/Preview Content\"";
				DEVELOPMENT_TEAM = CZH2CMCGCZ;
				ENABLE_PREVIEWS = YES;
				GENERATE_INFOPLIST_FILE = YES;
				INFOPLIST_KEY_NSCameraUsageDescription = "";
				INFOPLIST_KEY_NSPhotoLibraryAddUsageDescription = "";
				INFOPLIST_KEY_NSPhotoLibraryUsageDescription = "";
				INFOPLIST_KEY_UIApplicationSceneManifest_Generation = YES;
				INFOPLIST_KEY_UIApplicationSupportsIndirectInputEvents = YES;
				INFOPLIST_KEY_UILaunchScreen_Generation = YES;
				INFOPLIST_KEY_UISupportedInterfaceOrientations_iPad = "UIInterfaceOrientationPortrait UIInterfaceOrientationPortraitUpsideDown UIInterfaceOrientationLandscapeLeft UIInterfaceOrientationLandscapeRight";
				INFOPLIST_KEY_UISupportedInterfaceOrientations_iPhone = "UIInterfaceOrientationPortrait UIInterfaceOrientationLandscapeLeft UIInterfaceOrientationLandscapeRight";
				LD_RUNPATH_SEARCH_PATHS = (
					"$(inherited)",
					"@executable_path/Frameworks",
				);
				MARKETING_VERSION = 1.0;
				PRODUCT_BUNDLE_IDENTIFIER = com.UIKit.CameraViewFinal;
				PRODUCT_NAME = "$(TARGET_NAME)";
				SWIFT_EMIT_LOC_STRINGS = YES;
				SWIFT_VERSION = 5.0;
				TARGETED_DEVICE_FAMILY = "1,2";
			};
			name = Debug;
		};
		CEE627B82A0F838A00C21080 /* Release */ = {
			isa = XCBuildConfiguration;
			buildSettings = {
				ASSETCATALOG_COMPILER_APPICON_NAME = AppIcon;
				ASSETCATALOG_COMPILER_GLOBAL_ACCENT_COLOR_NAME = AccentColor;
				CODE_SIGN_STYLE = Automatic;
				CURRENT_PROJECT_VERSION = 1;
				DEVELOPMENT_ASSET_PATHS = "\"CameraViewFinal/Preview Content\"";
				DEVELOPMENT_TEAM = CZH2CMCGCZ;
				ENABLE_PREVIEWS = YES;
				GENERATE_INFOPLIST_FILE = YES;
				INFOPLIST_KEY_NSCameraUsageDescription = "";
				INFOPLIST_KEY_NSPhotoLibraryAddUsageDescription = "";
				INFOPLIST_KEY_NSPhotoLibraryUsageDescription = "";
				INFOPLIST_KEY_UIApplicationSceneManifest_Generation = YES;
				INFOPLIST_KEY_UIApplicationSupportsIndirectInputEvents = YES;
				INFOPLIST_KEY_UILaunchScreen_Generation = YES;
				INFOPLIST_KEY_UISupportedInterfaceOrientations_iPad = "UIInterfaceOrientationPortrait UIInterfaceOrientationPortraitUpsideDown UIInterfaceOrientationLandscapeLeft UIInterfaceOrientationLandscapeRight";
				INFOPLIST_KEY_UISupportedInterfaceOrientations_iPhone = "UIInterfaceOrientationPortrait UIInterfaceOrientationLandscapeLeft UIInterfaceOrientationLandscapeRight";
				LD_RUNPATH_SEARCH_PATHS = (
					"$(inherited)",
					"@executable_path/Frameworks",
				);
				MARKETING_VERSION = 1.0;
				PRODUCT_BUNDLE_IDENTIFIER = com.UIKit.CameraViewFinal;
				PRODUCT_NAME = "$(TARGET_NAME)";
				SWIFT_EMIT_LOC_STRINGS = YES;
				SWIFT_VERSION = 5.0;
				TARGETED_DEVICE_FAMILY = "1,2";
			};
			name = Release;
		};
/* End XCBuildConfiguration section */

/* Begin XCConfigurationList section */
		CEE627A32A0F838900C21080 /* Build configuration list for PBXProject "CameraViewFinal" */ = {
			isa = XCConfigurationList;
			buildConfigurations = (
				CEE627B42A0F838A00C21080 /* Debug */,
				CEE627B52A0F838A00C21080 /* Release */,
			);
			defaultConfigurationIsVisible = 0;
			defaultConfigurationName = Release;
		};
		CEE627B62A0F838A00C21080 /* Build configuration list for PBXNativeTarget "CameraViewFinal" */ = {
			isa = XCConfigurationList;
			buildConfigurations = (
				CEE627B72A0F838A00C21080 /* Debug */,
				CEE627B82A0F838A00C21080 /* Release */,
			);
			defaultConfigurationIsVisible = 0;
			defaultConfigurationName = Release;
		};
/* End XCConfigurationList section */
	};
	rootObject = CEE627A02A0F838900C21080 /* Project object */;
}
